
Microsoft Visual Studio Solution File, Format Version 12.00
# Visual Studio Version 16
VisualStudioVersion = 16.0.30320.27
MinimumVisualStudioVersion = 10.0.40219.1
Project("{FAE04EC0-301F-11D3-BF4B-00C04F79EFBC}") = "Calculator", "Calculator\Calculator.csproj", "{CB938CA9-A4AD-408A-85B7-25121B54887E}"
EndProject
Project("{FAE04EC0-301F-11D3-BF4B-00C04F79EFBC}") = "Calculator.Tests", "Calculator.Tests\Calculator.Tests.csproj", "{C21119A0-F15A-4CF3-8DAD-98FD6153F0B2}"
EndProject
Global
	GlobalSection(SolutionConfigurationPlatforms) = preSolution
		Debug|Any CPU = Debug|Any CPU
		Release|Any CPU = Release|Any CPU
	EndGlobalSection
	GlobalSection(ProjectConfigurationPlatforms) = postSolution
		{CB938CA9-A4AD-408A-85B7-25121B54887E}.Debug|Any CPU.ActiveCfg = Debug|Any CPU
		{CB938CA9-A4AD-408A-85B7-25121B54887E}.Debug|Any CPU.Build.0 = Debug|Any CPU
		{CB938CA9-A4AD-408A-85B7-25121B54887E}.Release|Any CPU.ActiveCfg = Release|Any CPU
		{CB938CA9-A4AD-408A-85B7-25121B54887E}.Release|Any CPU.Build.0 = Release|Any CPU
		{C21119A0-F15A-4CF3-8DAD-98FD6153F0B2}.Debug|Any CPU.ActiveCfg = Debug|Any CPU
		{C21119A0-F15A-4CF3-8DAD-98FD6153F0B2}.Debug|Any CPU.Build.0 = Debug|Any CPU
		{C21119A0-F15A-4CF3-8DAD-98FD6153F0B2}.Release|Any CPU.ActiveCfg = Release|Any CPU
		{C21119A0-F15A-4CF3-8DAD-98FD6153F0B2}.Release|Any CPU.Build.0 = Release|Any CPU
	EndGlobalSection
	GlobalSection(SolutionProperties) = preSolution
		HideSolutionNode = FALSE
	EndGlobalSection
	GlobalSection(ExtensibilityGlobals) = postSolution
		SolutionGuid = {7F83FF5D-FBAC-4D20-ACB6-6E3A612B18CC}
	EndGlobalSection
EndGlobal
