
Microsoft Visual Studio Solution File, Format Version 12.00
# Visual Studio Version 16
VisualStudioVersion = 16.0.30320.27
MinimumVisualStudioVersion = 10.0.40219.1
Project("{FAE04EC0-301F-11D3-BF4B-00C04F79EFBC}") = "HalloDekorator", "HalloDekorator\HalloDekorator.csproj", "{F74B9D22-98D4-481C-A094-F2AF7F122C9A}"
EndProject
Global
	GlobalSection(SolutionConfigurationPlatforms) = preSolution
		Debug|Any CPU = Debug|Any CPU
		Release|Any CPU = Release|Any CPU
	EndGlobalSection
	GlobalSection(ProjectConfigurationPlatforms) = postSolution
		{F74B9D22-98D4-481C-A094-F2AF7F122C9A}.Debug|Any CPU.ActiveCfg = Debug|Any CPU
		{F74B9D22-98D4-481C-A094-F2AF7F122C9A}.Debug|Any CPU.Build.0 = Debug|Any CPU
		{F74B9D22-98D4-481C-A094-F2AF7F122C9A}.Release|Any CPU.ActiveCfg = Release|Any CPU
		{F74B9D22-98D4-481C-A094-F2AF7F122C9A}.Release|Any CPU.Build.0 = Release|Any CPU
	EndGlobalSection
	GlobalSection(SolutionProperties) = preSolution
		HideSolutionNode = FALSE
	EndGlobalSection
	GlobalSection(ExtensibilityGlobals) = postSolution
		SolutionGuid = {86CFC27A-0072-44CE-8833-3B12635969C6}
	EndGlobalSection
EndGlobal
